{
  "name": "pebble-fctx",
  "version": "1.6.3",
  "lockfileVersion": 3,
  "requires": true,
  "packages": {
    "": {
      "name": "pebble-fctx",
      "version": "1.6.3",
      "license": "MIT",
      "dependencies": {
        "pebble-utf8": "^1.0.3"
      }
    },
    "node_modules/pebble-utf8": {
      "version": "1.0.3",
      "resolved": "https://registry.npmjs.org/pebble-utf8/-/pebble-utf8-1.0.3.tgz",
      "integrity": "sha512-jipsS1rY5DqnEhZHToCE++OEuaMCrSeRk+tFsq/xyzxl6mvWLXrGCVO7/0opisaKcu7PNYZEDVQ6V7iFXAq49g==",
      "license": "MIT"
    }
  }
}
